// !$*UTF8*$!
{
	archiveVersion = 1;
	classes = {
	};
	objectVersion = 46;
	objects = {

/* Begin PBXBuildFile section */
		004564A31CAC433E00101D9E /* main.m in Sources */ = {isa = PBXBuildFile; fileRef = 004564A21CAC433E00101D9E /* main.m */; };
		004564A61CAC433E00101D9E /* AppDelegate.m in Sources */ = {isa = PBXBuildFile; fileRef = 004564A51CAC433E00101D9E /* AppDelegate.m */; };
		004564A91CAC433E00101D9E /* ViewController.m in Sources */ = {isa = PBXBuildFile; fileRef = 004564A81CAC433E00101D9E /* ViewController.m */; };
		004564AC1CAC433E00101D9E /* Main.storyboard in Resources */ = {isa = PBXBuildFile; fileRef = 004564AA1CAC433E00101D9E /* Main.storyboard */; };
		004564AE1CAC433E00101D9E /* Assets.xcassets in Resources */ = {isa = PBXBuildFile; fileRef = 004564AD1CAC433E00101D9E /* Assets.xcassets */; };
		004564B11CAC433E00101D9E /* LaunchScreen.storyboard in Resources */ = {isa = PBXBuildFile; fileRef = 004564AF1CAC433E00101D9E /* LaunchScreen.storyboard */; };
/* End PBXBuildFile section */

/* Begin PBXFileReference section */
		0045649E1CAC433E00101D9E /* 04-LJfun(山寨ACFun).app */ = {isa = PBXFileReference; explicitFileType = wrapper.application; includeInIndex = 0; path = "04-LJfun(山寨ACFun).app"; sourceTree = BUILT_PRODUCTS_DIR; };
		004564A21CAC433E00101D9E /* main.m */ = {isa = PBXFileReference; lastKnownFileType = sourcecode.c.objc; path = main.m; sourceTree = "<group>"; };
		004564A41CAC433E00101D9E /* AppDelegate.h */ = {isa = PBXFileReference; lastKnownFileType = sourcecode.c.h; path = AppDelegate.h; sourceTree = "<group>"; };
		004564A51CAC433E00101D9E /* AppDelegate.m */ = {isa = PBXFileReference; lastKnownFileType = sourcecode.c.objc; path = AppDelegate.m; sourceTree = "<group>"; };
		004564A71CAC433E00101D9E /* ViewController.h */ = {isa = PBXFileReference; lastKnownFileType = sourcecode.c.h; path = ViewController.h; sourceTree = "<group>"; };
		004564A81CAC433E00101D9E /* ViewController.m */ = {isa = PBXFileReference; lastKnownFileType = sourcecode.c.objc; path = ViewController.m; sourceTree = "<group>"; };
		004564AB1CAC433E00101D9E /* Base */ = {isa = PBXFileReference; lastKnownFileType = file.storyboard; name = Base; path = Base.lproj/Main.storyboard; sourceTree = "<group>"; };
		004564AD1CAC433E00101D9E /* Assets.xcassets */ = {isa = PBXFileReference; lastKnownFileType = folder.assetcatalog; path = Assets.xcassets; sourceTree = "<group>"; };
		004564B01CAC433E00101D9E /* Base */ = {isa = PBXFileReference; lastKnownFileType = file.storyboard; name = Base; path = Base.lproj/LaunchScreen.storyboard; sourceTree = "<group>"; };
		004564B21CAC433E00101D9E /* Info.plist */ = {isa = PBXFileReference; lastKnownFileType = text.plist.xml; path = Info.plist; sourceTree = "<group>"; };
/* End PBXFileReference section */

/* Begin PBXFrameworksBuildPhase section */
		0045649B1CAC433E00101D9E /* Frameworks */ = {
			isa = PBXFrameworksBuildPhase;
			buildActionMask = 2147483647;
			files = (
			);
			runOnlyForDeploymentPostprocessing = 0;
		};
/* End PBXFrameworksBuildPhase section */

/* Begin PBXGroup section */
		004564951CAC433E00101D9E = {
			isa = PBXGroup;
			children = (
				004564A01CAC433E00101D9E /* 04-LJfun(山寨ACFun) */,
				0045649F1CAC433E00101D9E /* Products */,
			);
			sourceTree = "<group>";
		};
		0045649F1CAC433E00101D9E /* Products */ = {
			isa = PBXGroup;
			children = (
				0045649E1CAC433E00101D9E /* 04-LJfun(山寨ACFun).app */,
			);
			name = Products;
			sourceTree = "<group>";
		};
		004564A01CAC433E00101D9E /* 04-LJfun(山寨ACFun) */ = {
			isa = PBXGroup;
			children = (
				004564A41CAC433E00101D9E /* AppDelegate.h */,
				004564A51CAC433E00101D9E /* AppDelegate.m */,
				004564A71CAC433E00101D9E /* ViewController.h */,
				004564A81CAC433E00101D9E /* ViewController.m */,
				004564AA1CAC433E00101D9E /* Main.storyboard */,
				004564AD1CAC433E00101D9E /* Assets.xcassets */,
				004564AF1CAC433E00101D9E /* LaunchScreen.storyboard */,
				004564B21CAC433E00101D9E /* Info.plist */,
				004564A11CAC433E00101D9E /* Supporting Files */,
			);
			path = "04-LJfun(山寨ACFun)";
			sourceTree = "<group>";
		};
		004564A11CAC433E00101D9E /* Supporting Files */ = {
			isa = PBXGroup;
			children = (
				004564A21CAC433E00101D9E /* main.m */,
			);
			name = "Supporting Files";
			sourceTree = "<group>";
		};
/* End PBXGroup section */

/* Begin PBXNativeTarget section */
		0045649D1CAC433E00101D9E /* 04-LJfun(山寨ACFun) */ = {
			isa = PBXNativeTarget;
			buildConfigurationList = 004564B51CAC433E00101D9E /* Build configuration list for PBXNativeTarget "04-LJfun(山寨ACFun)" */;
			buildPhases = (
				0045649A1CAC433E00101D9E /* Sources */,
				0045649B1CAC433E00101D9E /* Frameworks */,
				0045649C1CAC433E00101D9E /* Resources */,
			);
			buildRules = (
			);
			dependencies = (
			);
			name = "04-LJfun(山寨ACFun)";
			productName = "04-LJfun(山寨ACFun)";
			productReference = 0045649E1CAC433E00101D9E /* 04-LJfun(山寨ACFun).app */;
			productType = "com.apple.product-type.application";
		};
/* End PBXNativeTarget section */

/* Begin PBXProject section */
		004564961CAC433E00101D9E /* Project object */ = {
			isa = PBXProject;
			attributes = {
				LastUpgradeCheck = 0720;
				ORGANIZATIONNAME = eva;
				TargetAttributes = {
					0045649D1CAC433E00101D9E = {
						CreatedOnToolsVersion = 7.2.1;
					};
				};
			};
			buildConfigurationList = 004564991CAC433E00101D9E /* Build configuration list for PBXProject "04-LJfun(山寨ACFun)" */;
			compatibilityVersion = "Xcode 3.2";
			developmentRegion = English;
			hasScannedForEncodings = 0;
			knownRegions = (
				en,
				Base,
			);
			mainGroup = 004564951CAC433E00101D9E;
			productRefGroup = 0045649F1CAC433E00101D9E /* Products */;
			projectDirPath = "";
			projectRoot = "";
			targets = (
				0045649D1CAC433E00101D9E /* 04-LJfun(山寨ACFun) */,
			);
		};
/* End PBXProject section */

/* Begin PBXResourcesBuildPhase section */
		0045649C1CAC433E00101D9E /* Resources */ = {
			isa = PBXResourcesBuildPhase;
			buildActionMask = 2147483647;
			files = (
				004564B11CAC433E00101D9E /* LaunchScreen.storyboard in Resources */,
				004564AE1CAC433E00101D9E /* Assets.xcassets in Resources */,
				004564AC1CAC433E00101D9E /* Main.storyboard in Resources */,
			);
			runOnlyForDeploymentPostprocessing = 0;
		};
/* End PBXResourcesBuildPhase section */

/* Begin PBXSourcesBuildPhase section */
		0045649A1CAC433E00101D9E /* Sources */ = {
			isa = PBXSourcesBuildPhase;
			buildActionMask = 2147483647;
			files = (
				004564A91CAC433E00101D9E /* ViewController.m in Sources */,
				004564A61CAC433E00101D9E /* AppDelegate.m in Sources */,
				004564A31CAC433E00101D9E /* main.m in Sources */,
			);
			runOnlyForDeploymentPostprocessing = 0;
		};
/* End PBXSourcesBuildPhase section */

/* Begin PBXVariantGroup section */
		004564AA1CAC433E00101D9E /* Main.storyboard */ = {
			isa = PBXVariantGroup;
			children = (
				004564AB1CAC433E00101D9E /* Base */,
			);
			name = Main.storyboard;
			sourceTree = "<group>";
		};
		004564AF1CAC433E00101D9E /* LaunchScreen.storyboard */ = {
			isa = PBXVariantGroup;
			children = (
				004564B01CAC433E00101D9E /* Base */,
			);
			name = LaunchScreen.storyboard;
			sourceTree = "<group>";
		};
/* End PBXVariantGroup section */

/* Begin XCBuildConfiguration section */
		004564B31CAC433E00101D9E /* Debug */ = {
			isa = XCBuildConfiguration;
			buildSettings = {
				ALWAYS_SEARCH_USER_PATHS = NO;
				CLANG_CXX_LANGUAGE_STANDARD = "gnu++0x";
				CLANG_CXX_LIBRARY = "libc++";
				CLANG_ENABLE_MODULES = YES;
				CLANG_ENABLE_OBJC_ARC = YES;
				CLANG_WARN_BOOL_CONVERSION = YES;
				CLANG_WARN_CONSTANT_CONVERSION = YES;
				CLANG_WARN_DIRECT_OBJC_ISA_USAGE = YES_ERROR;
				CLANG_WARN_EMPTY_BODY = YES;
				CLANG_WARN_ENUM_CONVERSION = YES;
				CLANG_WARN_INT_CONVERSION = YES;
				CLANG_WARN_OBJC_ROOT_CLASS = YES_ERROR;
				CLANG_WARN_UNREACHABLE_CODE = YES;
				CLANG_WARN__DUPLICATE_METHOD_MATCH = YES;
				"CODE_SIGN_IDENTITY[sdk=iphoneos*]" = "iPhone Developer";
				COPY_PHASE_STRIP = NO;
				DEBUG_INFORMATION_FORMAT = dwarf;
				ENABLE_STRICT_OBJC_MSGSEND = YES;
				ENABLE_TESTABILITY = YES;
				GCC_C_LANGUAGE_STANDARD = gnu99;
				GCC_DYNAMIC_NO_PIC = NO;
				GCC_NO_COMMON_BLOCKS = YES;
				GCC_OPTIMIZATION_LEVEL = 0;
				GCC_PREPROCESSOR_DEFINITIONS = (
					"DEBUG=1",
					"$(inherited)",
				);
				GCC_WARN_64_TO_32_BIT_CONVERSION = YES;
				GCC_WARN_ABOUT_RETURN_TYPE = YES_ERROR;
				GCC_WARN_UNDECLARED_SELECTOR = YES;
				GCC_WARN_UNINITIALIZED_AUTOS = YES_AGGRESSIVE;
				GCC_WARN_UNUSED_FUNCTION = YES;
				GCC_WARN_UNUSED_VARIABLE = YES;
				IPHONEOS_DEPLOYMENT_TARGET = 9.2;
				MTL_ENABLE_DEBUG_INFO = YES;
				ONLY_ACTIVE_ARCH = YES;
				SDKROOT = iphoneos;
			};
			name = Debug;
		};
		004564B41CAC433E00101D9E /* Release */ = {
			isa = XCBuildConfiguration;
			buildSettings = {
				ALWAYS_SEARCH_USER_PATHS = NO;
				CLANG_CXX_LANGUAGE_STANDARD = "gnu++0x";
				CLANG_CXX_LIBRARY = "libc++";
				CLANG_ENABLE_MODULES = YES;
				CLANG_ENABLE_OBJC_ARC = YES;
				CLANG_WARN_BOOL_CONVERSION = YES;
				CLANG_WARN_CONSTANT_CONVERSION = YES;
				CLANG_WARN_DIRECT_OBJC_ISA_USAGE = YES_ERROR;
				CLANG_WARN_EMPTY_BODY = YES;
				CLANG_WARN_ENUM_CONVERSION = YES;
				CLANG_WARN_INT_CONVERSION = YES;
				CLANG_WARN_OBJC_ROOT_CLASS = YES_ERROR;
				CLANG_WARN_UNREACHABLE_CODE = YES;
				CLANG_WARN__DUPLICATE_METHOD_MATCH = YES;
				"CODE_SIGN_IDENTITY[sdk=iphoneos*]" = "iPhone Developer";
				COPY_PHASE_STRIP = NO;
				DEBUG_INFORMATION_FORMAT = "dwarf-with-dsym";
				ENABLE_NS_ASSERTIONS = NO;
				ENABLE_STRICT_OBJC_MSGSEND = YES;
				GCC_C_LANGUAGE_STANDARD = gnu99;
				GCC_NO_COMMON_BLOCKS = YES;
				GCC_WARN_64_TO_32_BIT_CONVERSION = YES;
				GCC_WARN_ABOUT_RETURN_TYPE = YES_ERROR;
				GCC_WARN_UNDECLARED_SELECTOR = YES;
				GCC_WARN_UNINITIALIZED_AUTOS = YES_AGGRESSIVE;
				GCC_WARN_UNUSED_FUNCTION = YES;
				GCC_WARN_UNUSED_VARIABLE = YES;
				IPHONEOS_DEPLOYMENT_TARGET = 9.2;
				MTL_ENABLE_DEBUG_INFO = NO;
				SDKROOT = iphoneos;
				VALIDATE_PRODUCT = YES;
			};
			name = Release;
		};
		004564B61CAC433E00101D9E /* Debug */ = {
			isa = XCBuildConfiguration;
			buildSettings = {
				ASSETCATALOG_COMPILER_APPICON_NAME = AppIcon;
				INFOPLIST_FILE = "04-LJfun(山寨ACFun)/Info.plist";
				LD_RUNPATH_SEARCH_PATHS = "$(inherited) @executable_path/Frameworks";
				PRODUCT_BUNDLE_IDENTIFIER = "cn.eva.-4-LJfun---ACFun-";
				PRODUCT_NAME = "$(TARGET_NAME)";
			};
			name = Debug;
		};
		004564B71CAC433E00101D9E /* Release */ = {
			isa = XCBuildConfiguration;
			buildSettings = {
				ASSETCATALOG_COMPILER_APPICON_NAME = AppIcon;
				INFOPLIST_FILE = "04-LJfun(山寨ACFun)/Info.plist";
				LD_RUNPATH_SEARCH_PATHS = "$(inherited) @executable_path/Frameworks";
				PRODUCT_BUNDLE_IDENTIFIER = "cn.eva.-4-LJfun---ACFun-";
				PRODUCT_NAME = "$(TARGET_NAME)";
			};
			name = Release;
		};
/* End XCBuildConfiguration section */

/* Begin XCConfigurationList section */
		004564991CAC433E00101D9E /* Build configuration list for PBXProject "04-LJfun(山寨ACFun)" */ = {
			isa = XCConfigurationList;
			buildConfigurations = (
				004564B31CAC433E00101D9E /* Debug */,
				004564B41CAC433E00101D9E /* Release */,
			);
			defaultConfigurationIsVisible = 0;
			defaultConfigurationName = Release;
		};
		004564B51CAC433E00101D9E /* Build configuration list for PBXNativeTarget "04-LJfun(山寨ACFun)" */ = {
			isa = XCConfigurationList;
			buildConfigurations = (
				004564B61CAC433E00101D9E /* Debug */,
				004564B71CAC433E00101D9E /* Release */,
			);
			defaultConfigurationIsVisible = 0;
		};
/* End XCConfigurationList section */
	};
	rootObject = 004564961CAC433E00101D9E /* Project object */;
}
